
Microsoft Visual Studio Solution File, Format Version 12.00
# Visual Studio 15
VisualStudioVersion = 15.0.28307.168
MinimumVisualStudioVersion = 10.0.40219.1
Project("{FAE04EC0-301F-11D3-BF4B-00C04F79EFBC}") = "Sort", "Sort\Sort.csproj", "{C2043CFC-76F5-4D0B-9CD8-BA5F9A321A48}"
EndProject
Project("{FAE04EC0-301F-11D3-BF4B-00C04F79EFBC}") = "Sorting_obstr", "Sorting_obstr\Sorting_obstr.csproj", "{CCC9109F-7A23-4AAE-85A7-2D8D76D29675}"
EndProject
Global
	GlobalSection(SolutionConfigurationPlatforms) = preSolution
		Debug|Any CPU = Debug|Any CPU
		Release|Any CPU = Release|Any CPU
	EndGlobalSection
	GlobalSection(ProjectConfigurationPlatforms) = postSolution
		{C2043CFC-76F5-4D0B-9CD8-BA5F9A321A48}.Debug|Any CPU.ActiveCfg = Debug|Any CPU
		{C2043CFC-76F5-4D0B-9CD8-BA5F9A321A48}.Debug|Any CPU.Build.0 = Debug|Any CPU
		{C2043CFC-76F5-4D0B-9CD8-BA5F9A321A48}.Release|Any CPU.ActiveCfg = Release|Any CPU
		{C2043CFC-76F5-4D0B-9CD8-BA5F9A321A48}.Release|Any CPU.Build.0 = Release|Any CPU
		{CCC9109F-7A23-4AAE-85A7-2D8D76D29675}.Debug|Any CPU.ActiveCfg = Debug|Any CPU
		{CCC9109F-7A23-4AAE-85A7-2D8D76D29675}.Debug|Any CPU.Build.0 = Debug|Any CPU
		{CCC9109F-7A23-4AAE-85A7-2D8D76D29675}.Release|Any CPU.ActiveCfg = Release|Any CPU
		{CCC9109F-7A23-4AAE-85A7-2D8D76D29675}.Release|Any CPU.Build.0 = Release|Any CPU
	EndGlobalSection
	GlobalSection(SolutionProperties) = preSolution
		HideSolutionNode = FALSE
	EndGlobalSection
	GlobalSection(ExtensibilityGlobals) = postSolution
		SolutionGuid = {188C800C-C57B-403C-A6F2-85EDA3F4B681}
	EndGlobalSection
EndGlobal
